
Microsoft Visual Studio Solution File, Format Version 12.00
# Visual Studio Version 17
VisualStudioVersion = 17.2.32602.215
MinimumVisualStudioVersion = 10.0.40219.1
Project("{9A19103F-16F7-4668-BE54-9A1E7A4F7556}") = "SFA.DAS.Shortlist.Api", "SFA.DAS.Shortlist.Api\SFA.DAS.Shortlist.Api.csproj", "{232A1426-8DB8-4760-8F69-26A6F7BA714F}"
EndProject
Project("{00D1A9C2-B5F0-4AF3-8072-F6C62B433612}") = "SFA.DAS.Shortlist.Database", "SFA.DAS.Shortlist.Database\SFA.DAS.Shortlist.Database.sqlproj", "{4F78C826-9BBC-40BC-B7F1-941D1384D45C}"
EndProject
Project("{FAE04EC0-301F-11D3-BF4B-00C04F79EFBC}") = "SFA.DAS.Shortlist.Application", "SFA.DAS.Shortlist\SFA.DAS.Shortlist.Application.csproj", "{FD6D7662-46CE-49D2-A390-49930592B50E}"
EndProject
Global
	GlobalSection(SolutionConfigurationPlatforms) = preSolution
		Debug|Any CPU = Debug|Any CPU
		Release|Any CPU = Release|Any CPU
	EndGlobalSection
	GlobalSection(ProjectConfigurationPlatforms) = postSolution
		{232A1426-8DB8-4760-8F69-26A6F7BA714F}.Debug|Any CPU.ActiveCfg = Debug|Any CPU
		{232A1426-8DB8-4760-8F69-26A6F7BA714F}.Debug|Any CPU.Build.0 = Debug|Any CPU
		{232A1426-8DB8-4760-8F69-26A6F7BA714F}.Release|Any CPU.ActiveCfg = Release|Any CPU
		{232A1426-8DB8-4760-8F69-26A6F7BA714F}.Release|Any CPU.Build.0 = Release|Any CPU
		{4F78C826-9BBC-40BC-B7F1-941D1384D45C}.Debug|Any CPU.ActiveCfg = Debug|Any CPU
		{4F78C826-9BBC-40BC-B7F1-941D1384D45C}.Debug|Any CPU.Build.0 = Debug|Any CPU
		{4F78C826-9BBC-40BC-B7F1-941D1384D45C}.Debug|Any CPU.Deploy.0 = Debug|Any CPU
		{4F78C826-9BBC-40BC-B7F1-941D1384D45C}.Release|Any CPU.ActiveCfg = Release|Any CPU
		{4F78C826-9BBC-40BC-B7F1-941D1384D45C}.Release|Any CPU.Build.0 = Release|Any CPU
		{4F78C826-9BBC-40BC-B7F1-941D1384D45C}.Release|Any CPU.Deploy.0 = Release|Any CPU
		{FD6D7662-46CE-49D2-A390-49930592B50E}.Debug|Any CPU.ActiveCfg = Debug|Any CPU
		{FD6D7662-46CE-49D2-A390-49930592B50E}.Debug|Any CPU.Build.0 = Debug|Any CPU
		{FD6D7662-46CE-49D2-A390-49930592B50E}.Release|Any CPU.ActiveCfg = Release|Any CPU
		{FD6D7662-46CE-49D2-A390-49930592B50E}.Release|Any CPU.Build.0 = Release|Any CPU
	EndGlobalSection
	GlobalSection(SolutionProperties) = preSolution
		HideSolutionNode = FALSE
	EndGlobalSection
	GlobalSection(ExtensibilityGlobals) = postSolution
		SolutionGuid = {60F4EE05-F2B5-47B1-B89D-B52FCE035F6F}
	EndGlobalSection
EndGlobal
